
Microsoft Visual Studio Solution File, Format Version 12.00
# Visual Studio 14
VisualStudioVersion = 14.0.24720.0
MinimumVisualStudioVersion = 10.0.40219.1
Project("{8BC9CEB8-8B4A-11D0-8D11-00A0C91BC942}") = "domeshconverter", "domeshconverter\domeshconverter.vcxproj", "{2626A5E9-0A33-4563-900A-E2908941498B}"
EndProject
Project("{FAE04EC0-301F-11D3-BF4B-00C04F79EFBC}") = "domeshconverter_launcher", "domeshconverter_launcher\domeshconverter_launcher.csproj", "{1884C7B4-E4A6-479E-9A4D-F91C44F7D08F}"
EndProject
Global
	GlobalSection(SolutionConfigurationPlatforms) = preSolution
		Debug|Any CPU = Debug|Any CPU
		Debug|x64 = Debug|x64
		Debug|x86 = Debug|x86
		Release|Any CPU = Release|Any CPU
		Release|x64 = Release|x64
		Release|x86 = Release|x86
	EndGlobalSection
	GlobalSection(ProjectConfigurationPlatforms) = postSolution
		{2626A5E9-0A33-4563-900A-E2908941498B}.Debug|Any CPU.ActiveCfg = Debug|Win32
		{2626A5E9-0A33-4563-900A-E2908941498B}.Debug|x64.ActiveCfg = Debug|x64
		{2626A5E9-0A33-4563-900A-E2908941498B}.Debug|x64.Build.0 = Debug|x64
		{2626A5E9-0A33-4563-900A-E2908941498B}.Debug|x86.ActiveCfg = Debug|Win32
		{2626A5E9-0A33-4563-900A-E2908941498B}.Debug|x86.Build.0 = Debug|Win32
		{2626A5E9-0A33-4563-900A-E2908941498B}.Release|Any CPU.ActiveCfg = Release|Win32
		{2626A5E9-0A33-4563-900A-E2908941498B}.Release|x64.ActiveCfg = Release|x64
		{2626A5E9-0A33-4563-900A-E2908941498B}.Release|x64.Build.0 = Release|x64
		{2626A5E9-0A33-4563-900A-E2908941498B}.Release|x86.ActiveCfg = Release|Win32
		{2626A5E9-0A33-4563-900A-E2908941498B}.Release|x86.Build.0 = Release|Win32
		{1884C7B4-E4A6-479E-9A4D-F91C44F7D08F}.Debug|Any CPU.ActiveCfg = Debug|Any CPU
		{1884C7B4-E4A6-479E-9A4D-F91C44F7D08F}.Debug|Any CPU.Build.0 = Debug|Any CPU
		{1884C7B4-E4A6-479E-9A4D-F91C44F7D08F}.Debug|x64.ActiveCfg = Debug|Any CPU
		{1884C7B4-E4A6-479E-9A4D-F91C44F7D08F}.Debug|x64.Build.0 = Debug|Any CPU
		{1884C7B4-E4A6-479E-9A4D-F91C44F7D08F}.Debug|x86.ActiveCfg = Debug|Any CPU
		{1884C7B4-E4A6-479E-9A4D-F91C44F7D08F}.Debug|x86.Build.0 = Debug|Any CPU
		{1884C7B4-E4A6-479E-9A4D-F91C44F7D08F}.Release|Any CPU.ActiveCfg = Release|Any CPU
		{1884C7B4-E4A6-479E-9A4D-F91C44F7D08F}.Release|Any CPU.Build.0 = Release|Any CPU
		{1884C7B4-E4A6-479E-9A4D-F91C44F7D08F}.Release|x64.ActiveCfg = Release|Any CPU
		{1884C7B4-E4A6-479E-9A4D-F91C44F7D08F}.Release|x64.Build.0 = Release|Any CPU
		{1884C7B4-E4A6-479E-9A4D-F91C44F7D08F}.Release|x86.ActiveCfg = Release|Any CPU
		{1884C7B4-E4A6-479E-9A4D-F91C44F7D08F}.Release|x86.Build.0 = Release|Any CPU
	EndGlobalSection
	GlobalSection(SolutionProperties) = preSolution
		HideSolutionNode = FALSE
	EndGlobalSection
EndGlobal
